{
	"name": "phrases-editor",
	"version": "2.4.2",
	"lockfileVersion": 2,
	"requires": true,
	"packages": {
		"": {
			"name": "phrases-editor",
			"version": "2.4.2",
			"license": "MIT",
			"dependencies": {
				"@electron/remote": "^2.0.8",
				"extend": "^3.0.2",
				"fs-extra": "^10.1.0",
				"mustache": "^4.2.0",
				"node-watch": "^0.7.3",
				"uuid": "^14.0.0"
			},
			"devDependencies": {
				"electron": "^43.3.0"
			}
		},
		"node_modules/@electron-internal/extract-zip": {
			"version": "1.0.5",
			"resolved": "https://registry.npmjs.org/@electron-internal/extract-zip/-/extract-zip-1.0.5.tgz",
			"integrity": "sha512-+bqFCP98pLI0Tt0XQo1TmlXtwjWchISndDOxCkEcIuUgXWpBnLyRI+2DU+mesvnMMX6L1XDqYNA0lXNDHd/yiA==",
			"engines": {
				"node": ">=22.12.0"
			}
		},
		"node_modules/@electron/get": {
			"version": "5.0.0",
			"resolved": "https://registry.npmjs.org/@electron/get/-/get-5.0.0.tgz",
			"integrity": "sha512-pjoBpru1KdEtcExBnuHAP1cAc/5faoedw0hzJkL3o4/IJp7HNF1+fbrdxT3gMYRX2oJfvnA/WXeCTVQpYYxyJA==",
			"dependencies": {
				"debug": "^4.1.1",
				"env-paths": "^3.0.0",
				"graceful-fs": "^4.2.11",
				"progress": "^2.0.3",
				"semver": "^7.6.3",
				"sumchecker": "^3.0.1"
			},
			"engines": {
				"node": ">=22.12.0"
			},
			"optionalDependencies": {
				"undici": "^7.24.4"
			}
		},
		"node_modules/@electron/remote": {
			"version": "2.0.8",
			"resolved": "https://registry.npmjs.org/@electron/remote/-/remote-2.0.8.tgz",
			"integrity": "sha512-P10v3+iFCIvEPeYzTWWGwwHmqWnjoh8RYnbtZAb3RlQefy4guagzIwcWtfftABIfm6JJTNQf4WPSKWZOpLmHXw==",
			"peerDependencies": {
				"electron": ">= 13.0.0"
			}
		},
		"node_modules/@types/node": {
			"version": "24.13.3",
			"resolved": "https://registry.npmjs.org/@types/node/-/node-24.13.3.tgz",
			"integrity": "sha512-Dh8vAsV36ig5wa9OX4pXvMc9D3Veibfw2wix0CUwYODLD8nkj9UsLjASr49nPg+2eKzxhBV+v7L8pXvT4e639Q==",
			"dependencies": {
				"undici-types": "~7.18.0"
			}
		},
		"node_modules/debug": {
			"version": "4.3.4",
			"resolved": "https://registry.npmjs.org/debug/-/debug-4.3.4.tgz",
			"integrity": "sha512-PRWFHuSU3eDtQJPvnNY7Jcket1j0t5OuOsFzPPzsekD52Zl8qUfFIPEiswXqIvHWGVHOgX+7G/vCNNhehwxfkQ==",
			"dependencies": {
				"ms": "2.1.2"
			},
			"engines": {
				"node": ">=6.0"
			},
			"peerDependenciesMeta": {
				"supports-color": {
					"optional": true
				}
			}
		},
		"node_modules/electron": {
			"version": "43.3.0",
			"resolved": "https://registry.npmjs.org/electron/-/electron-43.3.0.tgz",
			"integrity": "sha512-nLlvu0WFjftWsSaTkV2B/c4NDuJBspTyXu8vKSQ6vLvFt8uG3NgN49LLKcXddwX0GqVvAQDhciWp+4xOdTdhew==",
			"dependencies": {
				"@electron-internal/extract-zip": "^1.0.1",
				"@electron/get": "^5.0.0",
				"@types/node": "^24.9.0"
			},
			"bin": {
				"electron": "cli.js",
				"install-electron": "install.js"
			},
			"engines": {
				"node": ">= 22.12.0"
			}
		},
		"node_modules/env-paths": {
			"version": "3.0.0",
			"resolved": "https://registry.npmjs.org/env-paths/-/env-paths-3.0.0.tgz",
			"integrity": "sha512-dtJUTepzMW3Lm/NPxRf3wP4642UWhjL2sQxc+ym2YMj1m/H2zDNQOlezafzkHwn6sMstjHTwG6iQQsctDW/b1A==",
			"engines": {
				"node": "^12.20.0 || ^14.13.1 || >=16.0.0"
			},
			"funding": {
				"url": "https://github.com/sponsors/sindresorhus"
			}
		},
		"node_modules/extend": {
			"version": "3.0.2",
			"resolved": "https://registry.npmjs.org/extend/-/extend-3.0.2.tgz",
			"integrity": "sha512-fjquC59cD7CyW6urNXK0FBufkZcoiGG80wTuPujX590cB5Ttln20E2UB4S/WARVqhXffZl2LNgS+gQdPIIim/g=="
		},
		"node_modules/fs-extra": {
			"version": "10.1.0",
			"resolved": "https://registry.npmjs.org/fs-extra/-/fs-extra-10.1.0.tgz",
			"integrity": "sha512-oRXApq54ETRj4eMiFzGnHWGy+zo5raudjuxN0b8H7s/RU2oW0Wvsx9O0ACRN/kRq9E8Vu/ReskGB5o3ji+FzHQ==",
			"dependencies": {
				"graceful-fs": "^4.2.0",
				"jsonfile": "^6.0.1",
				"universalify": "^2.0.0"
			},
			"engines": {
				"node": ">=12"
			}
		},
		"node_modules/graceful-fs": {
			"version": "4.2.11",
			"resolved": "https://registry.npmjs.org/graceful-fs/-/graceful-fs-4.2.11.tgz",
			"integrity": "sha512-RbJ5/jmFcNNCcDV5o9eTnBLJ/HszWV0P73bc+Ff4nS/rJj+YaS6IGyiOL0VoBYX+l1Wrl3k63h/KrH+nhJ0XvQ=="
		},
		"node_modules/jsonfile": {
			"version": "6.1.0",
			"resolved": "https://registry.npmjs.org/jsonfile/-/jsonfile-6.1.0.tgz",
			"integrity": "sha512-5dgndWOriYSm5cnYaJNhalLNDKOqFwyDB/rr1E9ZsGciGvKPs8R2xYGCacuf3z6K1YKDz182fd+fY3cn3pMqXQ==",
			"dependencies": {
				"universalify": "^2.0.0"
			},
			"optionalDependencies": {
				"graceful-fs": "^4.1.6"
			}
		},
		"node_modules/ms": {
			"version": "2.1.2",
			"resolved": "https://registry.npmjs.org/ms/-/ms-2.1.2.tgz",
			"integrity": "sha512-sGkPx+VjMtmA6MX27oA4FBFELFCZZ4S4XqeGOXCv68tT+jb3vk/RyaKWP0PTKyWtmLSM0b+adUTEvbs1PEaH2w=="
		},
		"node_modules/mustache": {
			"version": "4.2.0",
			"resolved": "https://registry.npmjs.org/mustache/-/mustache-4.2.0.tgz",
			"integrity": "sha512-71ippSywq5Yb7/tVYyGbkBggbU8H3u5Rz56fH60jGFgr8uHwxs+aSKeqmluIVzM0m0kB7xQjKS6qPfd0b2ZoqQ==",
			"bin": {
				"mustache": "bin/mustache"
			}
		},
		"node_modules/node-watch": {
			"version": "0.7.3",
			"resolved": "https://registry.npmjs.org/node-watch/-/node-watch-0.7.3.tgz",
			"integrity": "sha512-3l4E8uMPY1HdMMryPRUAl+oIHtXtyiTlIiESNSVSNxcPfzAFzeTbXFQkZfAwBbo0B1qMSG8nUABx+Gd+YrbKrQ==",
			"engines": {
				"node": ">=6"
			}
		},
		"node_modules/progress": {
			"version": "2.0.3",
			"resolved": "https://registry.npmjs.org/progress/-/progress-2.0.3.tgz",
			"integrity": "sha512-7PiHtLll5LdnKIMw100I+8xJXR5gW2QwWYkT6iJva0bXitZKa/XMrSbdmg3r2Xnaidz9Qumd0VPaMrZlF9V9sA==",
			"engines": {
				"node": ">=0.4.0"
			}
		},
		"node_modules/semver": {
			"version": "7.8.1",
			"resolved": "https://registry.npmjs.org/semver/-/semver-7.8.1.tgz",
			"integrity": "sha512-rkVq3IXh+4FDGch+KwzX3aV9W3kO54GyEgpvBzSyctDA6Xtd7RJQV1xmXbeQp5v7+VzLOfVqiutSE6GICgPFvg==",
			"bin": {
				"semver": "bin/semver.js"
			},
			"engines": {
				"node": ">=10"
			}
		},
		"node_modules/sumchecker": {
			"version": "3.0.1",
			"resolved": "https://registry.npmjs.org/sumchecker/-/sumchecker-3.0.1.tgz",
			"integrity": "sha512-MvjXzkz/BOfyVDkG0oFOtBxHX2u3gKbMHIF/dXblZsgD3BWOFLmHovIpZY7BykJdAjcqRCBi1WYBNdEC9yI7vg==",
			"dependencies": {
				"debug": "^4.1.0"
			},
			"engines": {
				"node": ">= 8.0"
			}
		},
		"node_modules/undici": {
			"version": "7.25.0",
			"resolved": "https://registry.npmjs.org/undici/-/undici-7.25.0.tgz",
			"integrity": "sha512-xXnp4kTyor2Zq+J1FfPI6Eq3ew5h6Vl0F/8d9XU5zZQf1tX9s2Su1/3PiMmUANFULpmksxkClamIZcaUqryHsQ==",
			"optional": true,
			"engines": {
				"node": ">=20.18.1"
			}
		},
		"node_modules/undici-types": {
			"version": "7.18.2",
			"resolved": "https://registry.npmjs.org/undici-types/-/undici-types-7.18.2.tgz",
			"integrity": "sha512-AsuCzffGHJybSaRrmr5eHr81mwJU3kjw6M+uprWvCXiNeN9SOGwQ3Jn8jb8m3Z6izVgknn1R0FTCEAP2QrLY/w=="
		},
		"node_modules/universalify": {
			"version": "2.0.0",
			"resolved": "https://registry.npmjs.org/universalify/-/universalify-2.0.0.tgz",
			"integrity": "sha512-hAZsKq7Yy11Zu1DE0OzWjw7nnLZmJZYTDZZyEFHZdUhV8FkH5MCfoU1XMaxXovpyW5nq5scPqq0ZDP9Zyl04oQ==",
			"engines": {
				"node": ">= 10.0.0"
			}
		},
		"node_modules/uuid": {
			"version": "14.0.0",
			"resolved": "https://registry.npmjs.org/uuid/-/uuid-14.0.0.tgz",
			"integrity": "sha512-Qo+uWgilfSmAhXCMav1uYFynlQO7fMFiMVZsQqZRMIXp0O7rR7qjkj+cPvBHLgBqi960QCoo/PH2/6ZtVqKvrg==",
			"funding": [
				"https://github.com/sponsors/broofa",
				"https://github.com/sponsors/ctavan"
			],
			"bin": {
				"uuid": "dist-node/bin/uuid"
			}
		}
	},
	"dependencies": {
		"@electron-internal/extract-zip": {
			"version": "1.0.5",
			"resolved": "https://registry.npmjs.org/@electron-internal/extract-zip/-/extract-zip-1.0.5.tgz",
			"integrity": "sha512-+bqFCP98pLI0Tt0XQo1TmlXtwjWchISndDOxCkEcIuUgXWpBnLyRI+2DU+mesvnMMX6L1XDqYNA0lXNDHd/yiA=="
		},
		"@electron/get": {
			"version": "5.0.0",
			"resolved": "https://registry.npmjs.org/@electron/get/-/get-5.0.0.tgz",
			"integrity": "sha512-pjoBpru1KdEtcExBnuHAP1cAc/5faoedw0hzJkL3o4/IJp7HNF1+fbrdxT3gMYRX2oJfvnA/WXeCTVQpYYxyJA==",
			"requires": {
				"debug": "^4.1.1",
				"env-paths": "^3.0.0",
				"graceful-fs": "^4.2.11",
				"progress": "^2.0.3",
				"semver": "^7.6.3",
				"sumchecker": "^3.0.1",
				"undici": "^7.24.4"
			}
		},
		"@electron/remote": {
			"version": "2.0.8",
			"resolved": "https://registry.npmjs.org/@electron/remote/-/remote-2.0.8.tgz",
			"integrity": "sha512-P10v3+iFCIvEPeYzTWWGwwHmqWnjoh8RYnbtZAb3RlQefy4guagzIwcWtfftABIfm6JJTNQf4WPSKWZOpLmHXw==",
			"requires": {}
		},
		"@types/node": {
			"version": "24.13.3",
			"resolved": "https://registry.npmjs.org/@types/node/-/node-24.13.3.tgz",
			"integrity": "sha512-Dh8vAsV36ig5wa9OX4pXvMc9D3Veibfw2wix0CUwYODLD8nkj9UsLjASr49nPg+2eKzxhBV+v7L8pXvT4e639Q==",
			"requires": {
				"undici-types": "~7.18.0"
			}
		},
		"debug": {
			"version": "4.3.4",
			"resolved": "https://registry.npmjs.org/debug/-/debug-4.3.4.tgz",
			"integrity": "sha512-PRWFHuSU3eDtQJPvnNY7Jcket1j0t5OuOsFzPPzsekD52Zl8qUfFIPEiswXqIvHWGVHOgX+7G/vCNNhehwxfkQ==",
			"requires": {
				"ms": "2.1.2"
			}
		},
		"electron": {
			"version": "43.3.0",
			"resolved": "https://registry.npmjs.org/electron/-/electron-43.3.0.tgz",
			"integrity": "sha512-nLlvu0WFjftWsSaTkV2B/c4NDuJBspTyXu8vKSQ6vLvFt8uG3NgN49LLKcXddwX0GqVvAQDhciWp+4xOdTdhew==",
			"requires": {
				"@electron-internal/extract-zip": "^1.0.1",
				"@electron/get": "^5.0.0",
				"@types/node": "^24.9.0"
			}
		},
		"env-paths": {
			"version": "3.0.0",
			"resolved": "https://registry.npmjs.org/env-paths/-/env-paths-3.0.0.tgz",
			"integrity": "sha512-dtJUTepzMW3Lm/NPxRf3wP4642UWhjL2sQxc+ym2YMj1m/H2zDNQOlezafzkHwn6sMstjHTwG6iQQsctDW/b1A=="
		},
		"extend": {
			"version": "3.0.2",
			"resolved": "https://registry.npmjs.org/extend/-/extend-3.0.2.tgz",
			"integrity": "sha512-fjquC59cD7CyW6urNXK0FBufkZcoiGG80wTuPujX590cB5Ttln20E2UB4S/WARVqhXffZl2LNgS+gQdPIIim/g=="
		},
		"fs-extra": {
			"version": "10.1.0",
			"resolved": "https://registry.npmjs.org/fs-extra/-/fs-extra-10.1.0.tgz",
			"integrity": "sha512-oRXApq54ETRj4eMiFzGnHWGy+zo5raudjuxN0b8H7s/RU2oW0Wvsx9O0ACRN/kRq9E8Vu/ReskGB5o3ji+FzHQ==",
			"requires": {
				"graceful-fs": "^4.2.0",
				"jsonfile": "^6.0.1",
				"universalify": "^2.0.0"
			}
		},
		"graceful-fs": {
			"version": "4.2.11",
			"resolved": "https://registry.npmjs.org/graceful-fs/-/graceful-fs-4.2.11.tgz",
			"integrity": "sha512-RbJ5/jmFcNNCcDV5o9eTnBLJ/HszWV0P73bc+Ff4nS/rJj+YaS6IGyiOL0VoBYX+l1Wrl3k63h/KrH+nhJ0XvQ=="
		},
		"jsonfile": {
			"version": "6.1.0",
			"resolved": "https://registry.npmjs.org/jsonfile/-/jsonfile-6.1.0.tgz",
			"integrity": "sha512-5dgndWOriYSm5cnYaJNhalLNDKOqFwyDB/rr1E9ZsGciGvKPs8R2xYGCacuf3z6K1YKDz182fd+fY3cn3pMqXQ==",
			"requires": {
				"graceful-fs": "^4.1.6",
				"universalify": "^2.0.0"
			}
		},
		"ms": {
			"version": "2.1.2",
			"resolved": "https://registry.npmjs.org/ms/-/ms-2.1.2.tgz",
			"integrity": "sha512-sGkPx+VjMtmA6MX27oA4FBFELFCZZ4S4XqeGOXCv68tT+jb3vk/RyaKWP0PTKyWtmLSM0b+adUTEvbs1PEaH2w=="
		},
		"mustache": {
			"version": "4.2.0",
			"resolved": "https://registry.npmjs.org/mustache/-/mustache-4.2.0.tgz",
			"integrity": "sha512-71ippSywq5Yb7/tVYyGbkBggbU8H3u5Rz56fH60jGFgr8uHwxs+aSKeqmluIVzM0m0kB7xQjKS6qPfd0b2ZoqQ=="
		},
		"node-watch": {
			"version": "0.7.3",
			"resolved": "https://registry.npmjs.org/node-watch/-/node-watch-0.7.3.tgz",
			"integrity": "sha512-3l4E8uMPY1HdMMryPRUAl+oIHtXtyiTlIiESNSVSNxcPfzAFzeTbXFQkZfAwBbo0B1qMSG8nUABx+Gd+YrbKrQ=="
		},
		"progress": {
			"version": "2.0.3",
			"resolved": "https://registry.npmjs.org/progress/-/progress-2.0.3.tgz",
			"integrity": "sha512-7PiHtLll5LdnKIMw100I+8xJXR5gW2QwWYkT6iJva0bXitZKa/XMrSbdmg3r2Xnaidz9Qumd0VPaMrZlF9V9sA=="
		},
		"semver": {
			"version": "7.8.1",
			"resolved": "https://registry.npmjs.org/semver/-/semver-7.8.1.tgz",
			"integrity": "sha512-rkVq3IXh+4FDGch+KwzX3aV9W3kO54GyEgpvBzSyctDA6Xtd7RJQV1xmXbeQp5v7+VzLOfVqiutSE6GICgPFvg=="
		},
		"sumchecker": {
			"version": "3.0.1",
			"resolved": "https://registry.npmjs.org/sumchecker/-/sumchecker-3.0.1.tgz",
			"integrity": "sha512-MvjXzkz/BOfyVDkG0oFOtBxHX2u3gKbMHIF/dXblZsgD3BWOFLmHovIpZY7BykJdAjcqRCBi1WYBNdEC9yI7vg==",
			"requires": {
				"debug": "^4.1.0"
			}
		},
		"undici": {
			"version": "7.25.0",
			"resolved": "https://registry.npmjs.org/undici/-/undici-7.25.0.tgz",
			"integrity": "sha512-xXnp4kTyor2Zq+J1FfPI6Eq3ew5h6Vl0F/8d9XU5zZQf1tX9s2Su1/3PiMmUANFULpmksxkClamIZcaUqryHsQ==",
			"optional": true
		},
		"undici-types": {
			"version": "7.18.2",
			"resolved": "https://registry.npmjs.org/undici-types/-/undici-types-7.18.2.tgz",
			"integrity": "sha512-AsuCzffGHJybSaRrmr5eHr81mwJU3kjw6M+uprWvCXiNeN9SOGwQ3Jn8jb8m3Z6izVgknn1R0FTCEAP2QrLY/w=="
		},
		"universalify": {
			"version": "2.0.0",
			"resolved": "https://registry.npmjs.org/universalify/-/universalify-2.0.0.tgz",
			"integrity": "sha512-hAZsKq7Yy11Zu1DE0OzWjw7nnLZmJZYTDZZyEFHZdUhV8FkH5MCfoU1XMaxXovpyW5nq5scPqq0ZDP9Zyl04oQ=="
		},
		"uuid": {
			"version": "14.0.0",
			"resolved": "https://registry.npmjs.org/uuid/-/uuid-14.0.0.tgz",
			"integrity": "sha512-Qo+uWgilfSmAhXCMav1uYFynlQO7fMFiMVZsQqZRMIXp0O7rR7qjkj+cPvBHLgBqi960QCoo/PH2/6ZtVqKvrg=="
		}
	}
}
